
Microsoft Visual Studio Solution File, Format Version 12.00
# Visual Studio 15
Project("{FAE04EC0-301F-11D3-BF4B-00C04F79EFBC}") = "Assembly-CSharp", "Assembly-CSharp.csproj", "{927D2D4B-A4B5-5E50-38F9-D48E04A8E220}"
EndProject
Project("{FAE04EC0-301F-11D3-BF4B-00C04F79EFBC}") = "Assembly-CSharp-Editor", "Assembly-CSharp-Editor.csproj", "{DD329FE2-F91E-74B0-C086-63F906FD1009}"
EndProject
Global
	GlobalSection(SolutionConfigurationPlatforms) = preSolution
		Debug|Any CPU = Debug|Any CPU
		Release|Any CPU = Release|Any CPU
	EndGlobalSection
	GlobalSection(ProjectConfigurationPlatforms) = postSolution
		{927D2D4B-A4B5-5E50-38F9-D48E04A8E220}.Debug|Any CPU.ActiveCfg = Debug|Any CPU
		{927D2D4B-A4B5-5E50-38F9-D48E04A8E220}.Debug|Any CPU.Build.0 = Debug|Any CPU
		{927D2D4B-A4B5-5E50-38F9-D48E04A8E220}.Release|Any CPU.ActiveCfg = Release|Any CPU
		{927D2D4B-A4B5-5E50-38F9-D48E04A8E220}.Release|Any CPU.Build.0 = Release|Any CPU
		{DD329FE2-F91E-74B0-C086-63F906FD1009}.Debug|Any CPU.ActiveCfg = Debug|Any CPU
		{DD329FE2-F91E-74B0-C086-63F906FD1009}.Debug|Any CPU.Build.0 = Debug|Any CPU
		{DD329FE2-F91E-74B0-C086-63F906FD1009}.Release|Any CPU.ActiveCfg = Release|Any CPU
		{DD329FE2-F91E-74B0-C086-63F906FD1009}.Release|Any CPU.Build.0 = Release|Any CPU
	EndGlobalSection
	GlobalSection(SolutionProperties) = preSolution
		HideSolutionNode = FALSE
	EndGlobalSection
EndGlobal
